{
  "name": "polymorph",
  "version": "2.1.4",
  "lockfileVersion": 1,
  "dependencies": {
    "nlp_compromise": {
      "version": "6.4.6",
      "resolved": "https://registry.npmjs.org/nlp_compromise/-/nlp_compromise-6.4.6.tgz",
      "integrity": "sha1-MjeNo2pORgfcGGf6Nbe/i0dYMbw="
    },
    "tinycolor2": {
      "version": "1.3.0",
      "resolved": "https://registry.npmjs.org/tinycolor2/-/tinycolor2-1.3.0.tgz",
      "integrity": "sha1-PzjmQk3kVmEi1VDrGsyAytN6cYQ="
    }
  }
}
